
Microsoft Visual Studio Solution File, Format Version 12.00
# Visual Studio Version 17
VisualStudioVersion = 17.9.34310.174
MinimumVisualStudioVersion = 10.0.40219.1
Project("{9A19103F-16F7-4668-BE54-9A1E7A4F7556}") = "DockerPull", "DockerPull.csproj", "{7C89CB80-1113-40F0-8192-557AE205645D}"
EndProject
Global
	GlobalSection(SolutionConfigurationPlatforms) = preSolution
		Debug|Any CPU = Debug|Any CPU
		Release|Any CPU = Release|Any CPU
	EndGlobalSection
	GlobalSection(ProjectConfigurationPlatforms) = postSolution
		{7C89CB80-1113-40F0-8192-557AE205645D}.Debug|Any CPU.ActiveCfg = Debug|Any CPU
		{7C89CB80-1113-40F0-8192-557AE205645D}.Debug|Any CPU.Build.0 = Debug|Any CPU
		{7C89CB80-1113-40F0-8192-557AE205645D}.Release|Any CPU.ActiveCfg = Release|Any CPU
		{7C89CB80-1113-40F0-8192-557AE205645D}.Release|Any CPU.Build.0 = Release|Any CPU
	EndGlobalSection
	GlobalSection(SolutionProperties) = preSolution
		HideSolutionNode = FALSE
	EndGlobalSection
	GlobalSection(ExtensibilityGlobals) = postSolution
		SolutionGuid = {D8A6546B-F495-4437-9F4B-919BFD2D1A57}
	EndGlobalSection
EndGlobal
